
Microsoft Visual Studio Solution File, Format Version 12.00
# Visual Studio 15
VisualStudioVersion = 15.0.28307.329
MinimumVisualStudioVersion = 10.0.40219.1
Project("{FAE04EC0-301F-11D3-BF4B-00C04F79EFBC}") = "GraniteWarehouse", "GraniteWarehouse\GraniteWarehouse.csproj", "{BD32BBE9-CBAC-4007-87FE-E47CB672B9B2}"
EndProject
Global
	GlobalSection(SolutionConfigurationPlatforms) = preSolution
		Debug|Any CPU = Debug|Any CPU
		Release|Any CPU = Release|Any CPU
	EndGlobalSection
	GlobalSection(ProjectConfigurationPlatforms) = postSolution
		{BD32BBE9-CBAC-4007-87FE-E47CB672B9B2}.Debug|Any CPU.ActiveCfg = Debug|Any CPU
		{BD32BBE9-CBAC-4007-87FE-E47CB672B9B2}.Debug|Any CPU.Build.0 = Debug|Any CPU
		{BD32BBE9-CBAC-4007-87FE-E47CB672B9B2}.Release|Any CPU.ActiveCfg = Release|Any CPU
		{BD32BBE9-CBAC-4007-87FE-E47CB672B9B2}.Release|Any CPU.Build.0 = Release|Any CPU
	EndGlobalSection
	GlobalSection(SolutionProperties) = preSolution
		HideSolutionNode = FALSE
	EndGlobalSection
	GlobalSection(ExtensibilityGlobals) = postSolution
		SolutionGuid = {A33FEA9F-ACBB-423D-8388-BC38DAD278DD}
	EndGlobalSection
EndGlobal
